
Microsoft Visual Studio Solution File, Format Version 12.00
# Visual Studio Version 16
VisualStudioVersion = 16.0.30907.101
MinimumVisualStudioVersion = 10.0.40219.1
Project("{9A19103F-16F7-4668-BE54-9A1E7A4F7556}") = "Livethoughts.Toolkit.Powershell.SocialShare", "Livethoughts.Toolkit.Powershell.SocialShare.csproj", "{F6328C35-E1F6-488F-BFAE-B6330C0647E9}"
EndProject
Global
	GlobalSection(SolutionConfigurationPlatforms) = preSolution
		Debug|Any CPU = Debug|Any CPU
		Release|Any CPU = Release|Any CPU
	EndGlobalSection
	GlobalSection(ProjectConfigurationPlatforms) = postSolution
		{F6328C35-E1F6-488F-BFAE-B6330C0647E9}.Debug|Any CPU.ActiveCfg = Debug|Any CPU
		{F6328C35-E1F6-488F-BFAE-B6330C0647E9}.Debug|Any CPU.Build.0 = Debug|Any CPU
		{F6328C35-E1F6-488F-BFAE-B6330C0647E9}.Release|Any CPU.ActiveCfg = Release|Any CPU
		{F6328C35-E1F6-488F-BFAE-B6330C0647E9}.Release|Any CPU.Build.0 = Release|Any CPU
	EndGlobalSection
	GlobalSection(SolutionProperties) = preSolution
		HideSolutionNode = FALSE
	EndGlobalSection
	GlobalSection(ExtensibilityGlobals) = postSolution
		SolutionGuid = {E421CEF3-0DAE-4EC3-8D13-F70676873B0B}
	EndGlobalSection
EndGlobal
